
Microsoft Visual Studio Solution File, Format Version 12.00
# Visual Studio Version 17
VisualStudioVersion = 17.3.32811.315
MinimumVisualStudioVersion = 10.0.40219.1
Project("{9A19103F-16F7-4668-BE54-9A1E7A4F7556}") = "CodeDocumentation", "CodeDocumentation\CodeDocumentation.csproj", "{504D5B15-52F4-4A09-ADA8-50FC62A3DCD4}"
EndProject
Project("{FAE04EC0-301F-11D3-BF4B-00C04F79EFBC}") = "AttributeLibrary", "AttributeLibrary\AttributeLibrary.csproj", "{C759D8D5-D32C-40FC-82FA-C01232BABF74}"
EndProject
Global
	GlobalSection(SolutionConfigurationPlatforms) = preSolution
		Debug|Any CPU = Debug|Any CPU
		Release|Any CPU = Release|Any CPU
	EndGlobalSection
	GlobalSection(ProjectConfigurationPlatforms) = postSolution
		{504D5B15-52F4-4A09-ADA8-50FC62A3DCD4}.Debug|Any CPU.ActiveCfg = Debug|Any CPU
		{504D5B15-52F4-4A09-ADA8-50FC62A3DCD4}.Debug|Any CPU.Build.0 = Debug|Any CPU
		{504D5B15-52F4-4A09-ADA8-50FC62A3DCD4}.Release|Any CPU.ActiveCfg = Release|Any CPU
		{504D5B15-52F4-4A09-ADA8-50FC62A3DCD4}.Release|Any CPU.Build.0 = Release|Any CPU
		{C759D8D5-D32C-40FC-82FA-C01232BABF74}.Debug|Any CPU.ActiveCfg = Debug|Any CPU
		{C759D8D5-D32C-40FC-82FA-C01232BABF74}.Debug|Any CPU.Build.0 = Debug|Any CPU
		{C759D8D5-D32C-40FC-82FA-C01232BABF74}.Release|Any CPU.ActiveCfg = Release|Any CPU
		{C759D8D5-D32C-40FC-82FA-C01232BABF74}.Release|Any CPU.Build.0 = Release|Any CPU
	EndGlobalSection
	GlobalSection(SolutionProperties) = preSolution
		HideSolutionNode = FALSE
	EndGlobalSection
	GlobalSection(ExtensibilityGlobals) = postSolution
		SolutionGuid = {F5E0ACB3-F192-4FAE-B4DD-4A6AE53C8723}
	EndGlobalSection
EndGlobal
